// !$*UTF8*$!
{
	archiveVersion = 1;
	classes = {
	};
	objectVersion = 48;
	objects = {

/* Begin PBXBuildFile section */
		6A3DCC16206C7A0800DA668E /* ReadMe Info.PNG in Resources */ = {isa = PBXBuildFile; fileRef = 6A3DCC11206C7A0600DA668E /* ReadMe Info.PNG */; };
		6A3DCC17206C7A0800DA668E /* Game Board.png in Resources */ = {isa = PBXBuildFile; fileRef = 6A3DCC12206C7A0600DA668E /* Game Board.png */; };
		6A3DCC18206C7A0800DA668E /* X.png in Resources */ = {isa = PBXBuildFile; fileRef = 6A3DCC13206C7A0600DA668E /* X.png */; };
		6A3DCC19206C7A0800DA668E /* Links For Refrence.PNG in Resources */ = {isa = PBXBuildFile; fileRef = 6A3DCC14206C7A0700DA668E /* Links For Refrence.PNG */; };
		6A3DCC1A206C7A0800DA668E /* O.png in Resources */ = {isa = PBXBuildFile; fileRef = 6A3DCC15206C7A0800DA668E /* O.png */; };
		6A3DCC1C206C7CEA00DA668E /* MoveMyPage.swift in Sources */ = {isa = PBXBuildFile; fileRef = 6A3DCC1B206C7CEA00DA668E /* MoveMyPage.swift */; };
		6A5782E3206C1DA9009B5AF7 /* AppDelegate.swift in Sources */ = {isa = PBXBuildFile; fileRef = 6A5782E2206C1DA9009B5AF7 /* AppDelegate.swift */; };
		6A5782E5206C1DA9009B5AF7 /* ViewController.swift in Sources */ = {isa = PBXBuildFile; fileRef = 6A5782E4206C1DA9009B5AF7 /* ViewController.swift */; };
		6A5782E8206C1DA9009B5AF7 /* Main.storyboard in Resources */ = {isa = PBXBuildFile; fileRef = 6A5782E6206C1DA9009B5AF7 /* Main.storyboard */; };
		6A5782EA206C1DA9009B5AF7 /* Assets.xcassets in Resources */ = {isa = PBXBuildFile; fileRef = 6A5782E9206C1DA9009B5AF7 /* Assets.xcassets */; };
		6A5782ED206C1DA9009B5AF7 /* LaunchScreen.storyboard in Resources */ = {isa = PBXBuildFile; fileRef = 6A5782EB206C1DA9009B5AF7 /* LaunchScreen.storyboard */; };
		6A5782F8206C1DA9009B5AF7 /* TicTacToeTests.swift in Sources */ = {isa = PBXBuildFile; fileRef = 6A5782F7206C1DA9009B5AF7 /* TicTacToeTests.swift */; };
		6A578303206C1DA9009B5AF7 /* TicTacToeUITests.swift in Sources */ = {isa = PBXBuildFile; fileRef = 6A578302206C1DA9009B5AF7 /* TicTacToeUITests.swift */; };
		6A77DBBD206C67DD00728962 /* SecondViewController.swift in Sources */ = {isa = PBXBuildFile; fileRef = 6A77DBBC206C67DD00728962 /* SecondViewController.swift */; };
/* End PBXBuildFile section */

/* Begin PBXContainerItemProxy section */
		6A5782F4206C1DA9009B5AF7 /* PBXContainerItemProxy */ = {
			isa = PBXContainerItemProxy;
			containerPortal = 6A5782D7206C1DA9009B5AF7 /* Project object */;
			proxyType = 1;
			remoteGlobalIDString = 6A5782DE206C1DA9009B5AF7;
			remoteInfo = TicTacToe;
		};
		6A5782FF206C1DA9009B5AF7 /* PBXContainerItemProxy */ = {
			isa = PBXContainerItemProxy;
			containerPortal = 6A5782D7206C1DA9009B5AF7 /* Project object */;
			proxyType = 1;
			remoteGlobalIDString = 6A5782DE206C1DA9009B5AF7;
			remoteInfo = TicTacToe;
		};
/* End PBXContainerItemProxy section */

/* Begin PBXFileReference section */
		6A3DCC11206C7A0600DA668E /* ReadMe Info.PNG */ = {isa = PBXFileReference; lastKnownFileType = image.png; path = "ReadMe Info.PNG"; sourceTree = SOURCE_ROOT; };
		6A3DCC12206C7A0600DA668E /* Game Board.png */ = {isa = PBXFileReference; lastKnownFileType = image.png; path = "Game Board.png"; sourceTree = SOURCE_ROOT; };
		6A3DCC13206C7A0600DA668E /* X.png */ = {isa = PBXFileReference; lastKnownFileType = image.png; path = X.png; sourceTree = SOURCE_ROOT; };
		6A3DCC14206C7A0700DA668E /* Links For Refrence.PNG */ = {isa = PBXFileReference; lastKnownFileType = image.png; path = "Links For Refrence.PNG"; sourceTree = SOURCE_ROOT; };
		6A3DCC15206C7A0800DA668E /* O.png */ = {isa = PBXFileReference; lastKnownFileType = image.png; path = O.png; sourceTree = SOURCE_ROOT; };
		6A3DCC1B206C7CEA00DA668E /* MoveMyPage.swift */ = {isa = PBXFileReference; lastKnownFileType = sourcecode.swift; path = MoveMyPage.swift; sourceTree = "<group>"; };
		6A5782DF206C1DA9009B5AF7 /* TicTacToe.app */ = {isa = PBXFileReference; explicitFileType = wrapper.application; includeInIndex = 0; path = TicTacToe.app; sourceTree = BUILT_PRODUCTS_DIR; };
		6A5782E2206C1DA9009B5AF7 /* AppDelegate.swift */ = {isa = PBXFileReference; lastKnownFileType = sourcecode.swift; path = AppDelegate.swift; sourceTree = "<group>"; };
		6A5782E4206C1DA9009B5AF7 /* ViewController.swift */ = {isa = PBXFileReference; lastKnownFileType = sourcecode.swift; path = ViewController.swift; sourceTree = "<group>"; };
		6A5782E7206C1DA9009B5AF7 /* Base */ = {isa = PBXFileReference; lastKnownFileType = file.storyboard; name = Base; path = Base.lproj/Main.storyboard; sourceTree = "<group>"; };
		6A5782E9206C1DA9009B5AF7 /* Assets.xcassets */ = {isa = PBXFileReference; lastKnownFileType = folder.assetcatalog; path = Assets.xcassets; sourceTree = "<group>"; };
		6A5782EC206C1DA9009B5AF7 /* Base */ = {isa = PBXFileReference; lastKnownFileType = file.storyboard; name = Base; path = Base.lproj/LaunchScreen.storyboard; sourceTree = "<group>"; };
		6A5782EE206C1DA9009B5AF7 /* Info.plist */ = {isa = PBXFileReference; lastKnownFileType = text.plist.xml; path = Info.plist; sourceTree = "<group>"; };
		6A5782F3206C1DA9009B5AF7 /* TicTacToeTests.xctest */ = {isa = PBXFileReference; explicitFileType = wrapper.cfbundle; includeInIndex = 0; path = TicTacToeTests.xctest; sourceTree = BUILT_PRODUCTS_DIR; };
		6A5782F7206C1DA9009B5AF7 /* TicTacToeTests.swift */ = {isa = PBXFileReference; lastKnownFileType = sourcecode.swift; path = TicTacToeTests.swift; sourceTree = "<group>"; };
		6A5782F9206C1DA9009B5AF7 /* Info.plist */ = {isa = PBXFileReference; lastKnownFileType = text.plist.xml; path = Info.plist; sourceTree = "<group>"; };
		6A5782FE206C1DA9009B5AF7 /* TicTacToeUITests.xctest */ = {isa = PBXFileReference; explicitFileType = wrapper.cfbundle; includeInIndex = 0; path = TicTacToeUITests.xctest; sourceTree = BUILT_PRODUCTS_DIR; };
		6A578302206C1DA9009B5AF7 /* TicTacToeUITests.swift */ = {isa = PBXFileReference; lastKnownFileType = sourcecode.swift; path = TicTacToeUITests.swift; sourceTree = "<group>"; };
		6A578304206C1DA9009B5AF7 /* Info.plist */ = {isa = PBXFileReference; lastKnownFileType = text.plist.xml; path = Info.plist; sourceTree = "<group>"; };
		6A77DBBC206C67DD00728962 /* SecondViewController.swift */ = {isa = PBXFileReference; lastKnownFileType = sourcecode.swift; path = SecondViewController.swift; sourceTree = "<group>"; };
/* End PBXFileReference section */

/* Begin PBXFrameworksBuildPhase section */
		6A5782DC206C1DA9009B5AF7 /* Frameworks */ = {
			isa = PBXFrameworksBuildPhase;
			buildActionMask = 2147483647;
			files = (
			);
			runOnlyForDeploymentPostprocessing = 0;
		};
		6A5782F0206C1DA9009B5AF7 /* Frameworks */ = {
			isa = PBXFrameworksBuildPhase;
			buildActionMask = 2147483647;
			files = (
			);
			runOnlyForDeploymentPostprocessing = 0;
		};
		6A5782FB206C1DA9009B5AF7 /* Frameworks */ = {
			isa = PBXFrameworksBuildPhase;
			buildActionMask = 2147483647;
			files = (
			);
			runOnlyForDeploymentPostprocessing = 0;
		};
/* End PBXFrameworksBuildPhase section */

/* Begin PBXGroup section */
		6A5782D6206C1DA9009B5AF7 = {
			isa = PBXGroup;
			children = (
				6A5782E1206C1DA9009B5AF7 /* TicTacToe */,
				6A5782F6206C1DA9009B5AF7 /* TicTacToeTests */,
				6A578301206C1DA9009B5AF7 /* TicTacToeUITests */,
				6A5782E0206C1DA9009B5AF7 /* Products */,
			);
			sourceTree = "<group>";
		};
		6A5782E0206C1DA9009B5AF7 /* Products */ = {
			isa = PBXGroup;
			children = (
				6A5782DF206C1DA9009B5AF7 /* TicTacToe.app */,
				6A5782F3206C1DA9009B5AF7 /* TicTacToeTests.xctest */,
				6A5782FE206C1DA9009B5AF7 /* TicTacToeUITests.xctest */,
			);
			name = Products;
			sourceTree = "<group>";
		};
		6A5782E1206C1DA9009B5AF7 /* TicTacToe */ = {
			isa = PBXGroup;
			children = (
				6A5782E2206C1DA9009B5AF7 /* AppDelegate.swift */,
				6A5782E4206C1DA9009B5AF7 /* ViewController.swift */,
				6A5782E6206C1DA9009B5AF7 /* Main.storyboard */,
				6A3DCC12206C7A0600DA668E /* Game Board.png */,
				6A3DCC14206C7A0700DA668E /* Links For Refrence.PNG */,
				6A3DCC15206C7A0800DA668E /* O.png */,
				6A3DCC11206C7A0600DA668E /* ReadMe Info.PNG */,
				6A3DCC13206C7A0600DA668E /* X.png */,
				6A5782E9206C1DA9009B5AF7 /* Assets.xcassets */,
				6A5782EB206C1DA9009B5AF7 /* LaunchScreen.storyboard */,
				6A5782EE206C1DA9009B5AF7 /* Info.plist */,
				6A77DBBC206C67DD00728962 /* SecondViewController.swift */,
				6A3DCC1B206C7CEA00DA668E /* MoveMyPage.swift */,
			);
			path = TicTacToe;
			sourceTree = "<group>";
		};
		6A5782F6206C1DA9009B5AF7 /* TicTacToeTests */ = {
			isa = PBXGroup;
			children = (
				6A5782F7206C1DA9009B5AF7 /* TicTacToeTests.swift */,
				6A5782F9206C1DA9009B5AF7 /* Info.plist */,
			);
			path = TicTacToeTests;
			sourceTree = "<group>";
		};
		6A578301206C1DA9009B5AF7 /* TicTacToeUITests */ = {
			isa = PBXGroup;
			children = (
				6A578302206C1DA9009B5AF7 /* TicTacToeUITests.swift */,
				6A578304206C1DA9009B5AF7 /* Info.plist */,
			);
			path = TicTacToeUITests;
			sourceTree = "<group>";
		};
/* End PBXGroup section */

/* Begin PBXNativeTarget section */
		6A5782DE206C1DA9009B5AF7 /* TicTacToe */ = {
			isa = PBXNativeTarget;
			buildConfigurationList = 6A578307206C1DA9009B5AF7 /* Build configuration list for PBXNativeTarget "TicTacToe" */;
			buildPhases = (
				6A5782DB206C1DA9009B5AF7 /* Sources */,
				6A5782DC206C1DA9009B5AF7 /* Frameworks */,
				6A5782DD206C1DA9009B5AF7 /* Resources */,
			);
			buildRules = (
			);
			dependencies = (
			);
			name = TicTacToe;
			productName = TicTacToe;
			productReference = 6A5782DF206C1DA9009B5AF7 /* TicTacToe.app */;
			productType = "com.apple.product-type.application";
		};
		6A5782F2206C1DA9009B5AF7 /* TicTacToeTests */ = {
			isa = PBXNativeTarget;
			buildConfigurationList = 6A57830A206C1DA9009B5AF7 /* Build configuration list for PBXNativeTarget "TicTacToeTests" */;
			buildPhases = (
				6A5782EF206C1DA9009B5AF7 /* Sources */,
				6A5782F0206C1DA9009B5AF7 /* Frameworks */,
				6A5782F1206C1DA9009B5AF7 /* Resources */,
			);
			buildRules = (
			);
			dependencies = (
				6A5782F5206C1DA9009B5AF7 /* PBXTargetDependency */,
			);
			name = TicTacToeTests;
			productName = TicTacToeTests;
			productReference = 6A5782F3206C1DA9009B5AF7 /* TicTacToeTests.xctest */;
			productType = "com.apple.product-type.bundle.unit-test";
		};
		6A5782FD206C1DA9009B5AF7 /* TicTacToeUITests */ = {
			isa = PBXNativeTarget;
			buildConfigurationList = 6A57830D206C1DA9009B5AF7 /* Build configuration list for PBXNativeTarget "TicTacToeUITests" */;
			buildPhases = (
				6A5782FA206C1DA9009B5AF7 /* Sources */,
				6A5782FB206C1DA9009B5AF7 /* Frameworks */,
				6A5782FC206C1DA9009B5AF7 /* Resources */,
			);
			buildRules = (
			);
			dependencies = (
				6A578300206C1DA9009B5AF7 /* PBXTargetDependency */,
			);
			name = TicTacToeUITests;
			productName = TicTacToeUITests;
			productReference = 6A5782FE206C1DA9009B5AF7 /* TicTacToeUITests.xctest */;
			productType = "com.apple.product-type.bundle.ui-testing";
		};
/* End PBXNativeTarget section */

/* Begin PBXProject section */
		6A5782D7206C1DA9009B5AF7 /* Project object */ = {
			isa = PBXProject;
			attributes = {
				LastSwiftUpdateCheck = 0910;
				LastUpgradeCheck = 0910;
				ORGANIZATIONNAME = "Imran Juma";
				TargetAttributes = {
					6A5782DE206C1DA9009B5AF7 = {
						CreatedOnToolsVersion = 9.1;
						ProvisioningStyle = Automatic;
					};
					6A5782F2206C1DA9009B5AF7 = {
						CreatedOnToolsVersion = 9.1;
						ProvisioningStyle = Automatic;
						TestTargetID = 6A5782DE206C1DA9009B5AF7;
					};
					6A5782FD206C1DA9009B5AF7 = {
						CreatedOnToolsVersion = 9.1;
						ProvisioningStyle = Automatic;
						TestTargetID = 6A5782DE206C1DA9009B5AF7;
					};
				};
			};
			buildConfigurationList = 6A5782DA206C1DA9009B5AF7 /* Build configuration list for PBXProject "TicTacToe" */;
			compatibilityVersion = "Xcode 8.0";
			developmentRegion = en;
			hasScannedForEncodings = 0;
			knownRegions = (
				en,
				Base,
			);
			mainGroup = 6A5782D6206C1DA9009B5AF7;
			productRefGroup = 6A5782E0206C1DA9009B5AF7 /* Products */;
			projectDirPath = "";
			projectRoot = "";
			targets = (
				6A5782DE206C1DA9009B5AF7 /* TicTacToe */,
				6A5782F2206C1DA9009B5AF7 /* TicTacToeTests */,
				6A5782FD206C1DA9009B5AF7 /* TicTacToeUITests */,
			);
		};
/* End PBXProject section */

/* Begin PBXResourcesBuildPhase section */
		6A5782DD206C1DA9009B5AF7 /* Resources */ = {
			isa = PBXResourcesBuildPhase;
			buildActionMask = 2147483647;
			files = (
				6A3DCC18206C7A0800DA668E /* X.png in Resources */,
				6A3DCC16206C7A0800DA668E /* ReadMe Info.PNG in Resources */,
				6A5782ED206C1DA9009B5AF7 /* LaunchScreen.storyboard in Resources */,
				6A3DCC17206C7A0800DA668E /* Game Board.png in Resources */,
				6A5782EA206C1DA9009B5AF7 /* Assets.xcassets in Resources */,
				6A5782E8206C1DA9009B5AF7 /* Main.storyboard in Resources */,
				6A3DCC19206C7A0800DA668E /* Links For Refrence.PNG in Resources */,
				6A3DCC1A206C7A0800DA668E /* O.png in Resources */,
			);
			runOnlyForDeploymentPostprocessing = 0;
		};
		6A5782F1206C1DA9009B5AF7 /* Resources */ = {
			isa = PBXResourcesBuildPhase;
			buildActionMask = 2147483647;
			files = (
			);
			runOnlyForDeploymentPostprocessing = 0;
		};
		6A5782FC206C1DA9009B5AF7 /* Resources */ = {
			isa = PBXResourcesBuildPhase;
			buildActionMask = 2147483647;
			files = (
			);
			runOnlyForDeploymentPostprocessing = 0;
		};
/* End PBXResourcesBuildPhase section */

/* Begin PBXSourcesBuildPhase section */
		6A5782DB206C1DA9009B5AF7 /* Sources */ = {
			isa = PBXSourcesBuildPhase;
			buildActionMask = 2147483647;
			files = (
				6A77DBBD206C67DD00728962 /* SecondViewController.swift in Sources */,
				6A3DCC1C206C7CEA00DA668E /* MoveMyPage.swift in Sources */,
				6A5782E5206C1DA9009B5AF7 /* ViewController.swift in Sources */,
				6A5782E3206C1DA9009B5AF7 /* AppDelegate.swift in Sources */,
			);
			runOnlyForDeploymentPostprocessing = 0;
		};
		6A5782EF206C1DA9009B5AF7 /* Sources */ = {
			isa = PBXSourcesBuildPhase;
			buildActionMask = 2147483647;
			files = (
				6A5782F8206C1DA9009B5AF7 /* TicTacToeTests.swift in Sources */,
			);
			runOnlyForDeploymentPostprocessing = 0;
		};
		6A5782FA206C1DA9009B5AF7 /* Sources */ = {
			isa = PBXSourcesBuildPhase;
			buildActionMask = 2147483647;
			files = (
				6A578303206C1DA9009B5AF7 /* TicTacToeUITests.swift in Sources */,
			);
			runOnlyForDeploymentPostprocessing = 0;
		};
/* End PBXSourcesBuildPhase section */

/* Begin PBXTargetDependency section */
		6A5782F5206C1DA9009B5AF7 /* PBXTargetDependency */ = {
			isa = PBXTargetDependency;
			target = 6A5782DE206C1DA9009B5AF7 /* TicTacToe */;
			targetProxy = 6A5782F4206C1DA9009B5AF7 /* PBXContainerItemProxy */;
		};
		6A578300206C1DA9009B5AF7 /* PBXTargetDependency */ = {
			isa = PBXTargetDependency;
			target = 6A5782DE206C1DA9009B5AF7 /* TicTacToe */;
			targetProxy = 6A5782FF206C1DA9009B5AF7 /* PBXContainerItemProxy */;
		};
/* End PBXTargetDependency section */

/* Begin PBXVariantGroup section */
		6A5782E6206C1DA9009B5AF7 /* Main.storyboard */ = {
			isa = PBXVariantGroup;
			children = (
				6A5782E7206C1DA9009B5AF7 /* Base */,
			);
			name = Main.storyboard;
			sourceTree = "<group>";
		};
		6A5782EB206C1DA9009B5AF7 /* LaunchScreen.storyboard */ = {
			isa = PBXVariantGroup;
			children = (
				6A5782EC206C1DA9009B5AF7 /* Base */,
			);
			name = LaunchScreen.storyboard;
			sourceTree = "<group>";
		};
/* End PBXVariantGroup section */

/* Begin XCBuildConfiguration section */
		6A578305206C1DA9009B5AF7 /* Debug */ = {
			isa = XCBuildConfiguration;
			buildSettings = {
				ALWAYS_SEARCH_USER_PATHS = NO;
				CLANG_ANALYZER_NONNULL = YES;
				CLANG_ANALYZER_NUMBER_OBJECT_CONVERSION = YES_AGGRESSIVE;
				CLANG_CXX_LANGUAGE_STANDARD = "gnu++14";
				CLANG_CXX_LIBRARY = "libc++";
				CLANG_ENABLE_MODULES = YES;
				CLANG_ENABLE_OBJC_ARC = YES;
				CLANG_WARN_BLOCK_CAPTURE_AUTORELEASING = YES;
				CLANG_WARN_BOOL_CONVERSION = YES;
				CLANG_WARN_COMMA = YES;
				CLANG_WARN_CONSTANT_CONVERSION = YES;
				CLANG_WARN_DIRECT_OBJC_ISA_USAGE = YES_ERROR;
				CLANG_WARN_DOCUMENTATION_COMMENTS = YES;
				CLANG_WARN_EMPTY_BODY = YES;
				CLANG_WARN_ENUM_CONVERSION = YES;
				CLANG_WARN_INFINITE_RECURSION = YES;
				CLANG_WARN_INT_CONVERSION = YES;
				CLANG_WARN_NON_LITERAL_NULL_CONVERSION = YES;
				CLANG_WARN_OBJC_LITERAL_CONVERSION = YES;
				CLANG_WARN_OBJC_ROOT_CLASS = YES_ERROR;
				CLANG_WARN_RANGE_LOOP_ANALYSIS = YES;
				CLANG_WARN_STRICT_PROTOTYPES = YES;
				CLANG_WARN_SUSPICIOUS_MOVE = YES;
				CLANG_WARN_UNGUARDED_AVAILABILITY = YES_AGGRESSIVE;
				CLANG_WARN_UNREACHABLE_CODE = YES;
				CLANG_WARN__DUPLICATE_METHOD_MATCH = YES;
				CODE_SIGN_IDENTITY = "iPhone Developer";
				COPY_PHASE_STRIP = NO;
				DEBUG_INFORMATION_FORMAT = dwarf;
				ENABLE_STRICT_OBJC_MSGSEND = YES;
				ENABLE_TESTABILITY = YES;
				GCC_C_LANGUAGE_STANDARD = gnu11;
				GCC_DYNAMIC_NO_PIC = NO;
				GCC_NO_COMMON_BLOCKS = YES;
				GCC_OPTIMIZATION_LEVEL = 0;
				GCC_PREPROCESSOR_DEFINITIONS = (
					"DEBUG=1",
					"$(inherited)",
				);
				GCC_WARN_64_TO_32_BIT_CONVERSION = YES;
				GCC_WARN_ABOUT_RETURN_TYPE = YES_ERROR;
				GCC_WARN_UNDECLARED_SELECTOR = YES;
				GCC_WARN_UNINITIALIZED_AUTOS = YES_AGGRESSIVE;
				GCC_WARN_UNUSED_FUNCTION = YES;
				GCC_WARN_UNUSED_VARIABLE = YES;
				IPHONEOS_DEPLOYMENT_TARGET = 11.1;
				MTL_ENABLE_DEBUG_INFO = YES;
				ONLY_ACTIVE_ARCH = YES;
				SDKROOT = iphoneos;
				SWIFT_ACTIVE_COMPILATION_CONDITIONS = DEBUG;
				SWIFT_OPTIMIZATION_LEVEL = "-Onone";
			};
			name = Debug;
		};
		6A578306206C1DA9009B5AF7 /* Release */ = {
			isa = XCBuildConfiguration;
			buildSettings = {
				ALWAYS_SEARCH_USER_PATHS = NO;
				CLANG_ANALYZER_NONNULL = YES;
				CLANG_ANALYZER_NUMBER_OBJECT_CONVERSION = YES_AGGRESSIVE;
				CLANG_CXX_LANGUAGE_STANDARD = "gnu++14";
				CLANG_CXX_LIBRARY = "libc++";
				CLANG_ENABLE_MODULES = YES;
				CLANG_ENABLE_OBJC_ARC = YES;
				CLANG_WARN_BLOCK_CAPTURE_AUTORELEASING = YES;
				CLANG_WARN_BOOL_CONVERSION = YES;
				CLANG_WARN_COMMA = YES;
				CLANG_WARN_CONSTANT_CONVERSION = YES;
				CLANG_WARN_DIRECT_OBJC_ISA_USAGE = YES_ERROR;
				CLANG_WARN_DOCUMENTATION_COMMENTS = YES;
				CLANG_WARN_EMPTY_BODY = YES;
				CLANG_WARN_ENUM_CONVERSION = YES;
				CLANG_WARN_INFINITE_RECURSION = YES;
				CLANG_WARN_INT_CONVERSION = YES;
				CLANG_WARN_NON_LITERAL_NULL_CONVERSION = YES;
				CLANG_WARN_OBJC_LITERAL_CONVERSION = YES;
				CLANG_WARN_OBJC_ROOT_CLASS = YES_ERROR;
				CLANG_WARN_RANGE_LOOP_ANALYSIS = YES;
				CLANG_WARN_STRICT_PROTOTYPES = YES;
				CLANG_WARN_SUSPICIOUS_MOVE = YES;
				CLANG_WARN_UNGUARDED_AVAILABILITY = YES_AGGRESSIVE;
				CLANG_WARN_UNREACHABLE_CODE = YES;
				CLANG_WARN__DUPLICATE_METHOD_MATCH = YES;
				CODE_SIGN_IDENTITY = "iPhone Developer";
				COPY_PHASE_STRIP = NO;
				DEBUG_INFORMATION_FORMAT = "dwarf-with-dsym";
				ENABLE_NS_ASSERTIONS = NO;
				ENABLE_STRICT_OBJC_MSGSEND = YES;
				GCC_C_LANGUAGE_STANDARD = gnu11;
				GCC_NO_COMMON_BLOCKS = YES;
				GCC_WARN_64_TO_32_BIT_CONVERSION = YES;
				GCC_WARN_ABOUT_RETURN_TYPE = YES_ERROR;
				GCC_WARN_UNDECLARED_SELECTOR = YES;
				GCC_WARN_UNINITIALIZED_AUTOS = YES_AGGRESSIVE;
				GCC_WARN_UNUSED_FUNCTION = YES;
				GCC_WARN_UNUSED_VARIABLE = YES;
				IPHONEOS_DEPLOYMENT_TARGET = 11.1;
				MTL_ENABLE_DEBUG_INFO = NO;
				SDKROOT = iphoneos;
				SWIFT_OPTIMIZATION_LEVEL = "-Owholemodule";
				VALIDATE_PRODUCT = YES;
			};
			name = Release;
		};
		6A578308206C1DA9009B5AF7 /* Debug */ = {
			isa = XCBuildConfiguration;
			buildSettings = {
				ASSETCATALOG_COMPILER_APPICON_NAME = AppIcon;
				CODE_SIGN_STYLE = Automatic;
				INFOPLIST_FILE = TicTacToe/Info.plist;
				IPHONEOS_DEPLOYMENT_TARGET = 10.3;
				LD_RUNPATH_SEARCH_PATHS = "$(inherited) @executable_path/Frameworks";
				PRODUCT_BUNDLE_IDENTIFIER = ImranJuma.TicTacToe;
				PRODUCT_NAME = "$(TARGET_NAME)";
				SWIFT_VERSION = 4.0;
				TARGETED_DEVICE_FAMILY = "1,2";
			};
			name = Debug;
		};
		6A578309206C1DA9009B5AF7 /* Release */ = {
			isa = XCBuildConfiguration;
			buildSettings = {
				ASSETCATALOG_COMPILER_APPICON_NAME = AppIcon;
				CODE_SIGN_STYLE = Automatic;
				INFOPLIST_FILE = TicTacToe/Info.plist;
				IPHONEOS_DEPLOYMENT_TARGET = 10.3;
				LD_RUNPATH_SEARCH_PATHS = "$(inherited) @executable_path/Frameworks";
				PRODUCT_BUNDLE_IDENTIFIER = ImranJuma.TicTacToe;
				PRODUCT_NAME = "$(TARGET_NAME)";
				SWIFT_VERSION = 4.0;
				TARGETED_DEVICE_FAMILY = "1,2";
			};
			name = Release;
		};
		6A57830B206C1DA9009B5AF7 /* Debug */ = {
			isa = XCBuildConfiguration;
			buildSettings = {
				ALWAYS_EMBED_SWIFT_STANDARD_LIBRARIES = YES;
				BUNDLE_LOADER = "$(TEST_HOST)";
				CODE_SIGN_STYLE = Automatic;
				INFOPLIST_FILE = TicTacToeTests/Info.plist;
				LD_RUNPATH_SEARCH_PATHS = "$(inherited) @executable_path/Frameworks @loader_path/Frameworks";
				PRODUCT_BUNDLE_IDENTIFIER = ImranJuma.TicTacToeTests;
				PRODUCT_NAME = "$(TARGET_NAME)";
				SWIFT_VERSION = 4.0;
				TARGETED_DEVICE_FAMILY = "1,2";
				TEST_HOST = "$(BUILT_PRODUCTS_DIR)/TicTacToe.app/TicTacToe";
			};
			name = Debug;
		};
		6A57830C206C1DA9009B5AF7 /* Release */ = {
			isa = XCBuildConfiguration;
			buildSettings = {
				ALWAYS_EMBED_SWIFT_STANDARD_LIBRARIES = YES;
				BUNDLE_LOADER = "$(TEST_HOST)";
				CODE_SIGN_STYLE = Automatic;
				INFOPLIST_FILE = TicTacToeTests/Info.plist;
				LD_RUNPATH_SEARCH_PATHS = "$(inherited) @executable_path/Frameworks @loader_path/Frameworks";
				PRODUCT_BUNDLE_IDENTIFIER = ImranJuma.TicTacToeTests;
				PRODUCT_NAME = "$(TARGET_NAME)";
				SWIFT_VERSION = 4.0;
				TARGETED_DEVICE_FAMILY = "1,2";
				TEST_HOST = "$(BUILT_PRODUCTS_DIR)/TicTacToe.app/TicTacToe";
			};
			name = Release;
		};
		6A57830E206C1DA9009B5AF7 /* Debug */ = {
			isa = XCBuildConfiguration;
			buildSettings = {
				ALWAYS_EMBED_SWIFT_STANDARD_LIBRARIES = YES;
				CODE_SIGN_STYLE = Automatic;
				INFOPLIST_FILE = TicTacToeUITests/Info.plist;
				LD_RUNPATH_SEARCH_PATHS = "$(inherited) @executable_path/Frameworks @loader_path/Frameworks";
				PRODUCT_BUNDLE_IDENTIFIER = ImranJuma.TicTacToeUITests;
				PRODUCT_NAME = "$(TARGET_NAME)";
				SWIFT_VERSION = 4.0;
				TARGETED_DEVICE_FAMILY = "1,2";
				TEST_TARGET_NAME = TicTacToe;
			};
			name = Debug;
		};
		6A57830F206C1DA9009B5AF7 /* Release */ = {
			isa = XCBuildConfiguration;
			buildSettings = {
				ALWAYS_EMBED_SWIFT_STANDARD_LIBRARIES = YES;
				CODE_SIGN_STYLE = Automatic;
				INFOPLIST_FILE = TicTacToeUITests/Info.plist;
				LD_RUNPATH_SEARCH_PATHS = "$(inherited) @executable_path/Frameworks @loader_path/Frameworks";
				PRODUCT_BUNDLE_IDENTIFIER = ImranJuma.TicTacToeUITests;
				PRODUCT_NAME = "$(TARGET_NAME)";
				SWIFT_VERSION = 4.0;
				TARGETED_DEVICE_FAMILY = "1,2";
				TEST_TARGET_NAME = TicTacToe;
			};
			name = Release;
		};
/* End XCBuildConfiguration section */

/* Begin XCConfigurationList section */
		6A5782DA206C1DA9009B5AF7 /* Build configuration list for PBXProject "TicTacToe" */ = {
			isa = XCConfigurationList;
			buildConfigurations = (
				6A578305206C1DA9009B5AF7 /* Debug */,
				6A578306206C1DA9009B5AF7 /* Release */,
			);
			defaultConfigurationIsVisible = 0;
			defaultConfigurationName = Release;
		};
		6A578307206C1DA9009B5AF7 /* Build configuration list for PBXNativeTarget "TicTacToe" */ = {
			isa = XCConfigurationList;
			buildConfigurations = (
				6A578308206C1DA9009B5AF7 /* Debug */,
				6A578309206C1DA9009B5AF7 /* Release */,
			);
			defaultConfigurationIsVisible = 0;
			defaultConfigurationName = Release;
		};
		6A57830A206C1DA9009B5AF7 /* Build configuration list for PBXNativeTarget "TicTacToeTests" */ = {
			isa = XCConfigurationList;
			buildConfigurations = (
				6A57830B206C1DA9009B5AF7 /* Debug */,
				6A57830C206C1DA9009B5AF7 /* Release */,
			);
			defaultConfigurationIsVisible = 0;
			defaultConfigurationName = Release;
		};
		6A57830D206C1DA9009B5AF7 /* Build configuration list for PBXNativeTarget "TicTacToeUITests" */ = {
			isa = XCConfigurationList;
			buildConfigurations = (
				6A57830E206C1DA9009B5AF7 /* Debug */,
				6A57830F206C1DA9009B5AF7 /* Release */,
			);
			defaultConfigurationIsVisible = 0;
			defaultConfigurationName = Release;
		};
/* End XCConfigurationList section */
	};
	rootObject = 6A5782D7206C1DA9009B5AF7 /* Project object */;
}
